// !$*UTF8*$!
{
	archiveVersion = 1;
	classes = {
	};
	objectVersion = 77;
	objects = {

/* Begin PBXContainerItemProxy section */
		7B227ACB2E8AD91D003A8E8E /* PBXContainerItemProxy */ = {
			isa = PBXContainerItemProxy;
			containerPortal = 7B227AB52E8AD91C003A8E8E /* Project object */;
			proxyType = 1;
			remoteGlobalIDString = 7B227ABC2E8AD91C003A8E8E;
			remoteInfo = VierBure;
		};
		7B227AD52E8AD91D003A8E8E /* PBXContainerItemProxy */ = {
			isa = PBXContainerItemProxy;
			containerPortal = 7B227AB52E8AD91C003A8E8E /* Project object */;
			proxyType = 1;
			remoteGlobalIDString = 7B227ABC2E8AD91C003A8E8E;
			remoteInfo = VierBure;
		};
/* End PBXContainerItemProxy section */

/* Begin PBXFileReference section */
		7B227ABD2E8AD91C003A8E8E /* VierBure.app */ = {isa = PBXFileReference; explicitFileType = wrapper.application; includeInIndex = 0; path = VierBure.app; sourceTree = BUILT_PRODUCTS_DIR; };
		7B227ACA2E8AD91D003A8E8E /* VierBureTests.xctest */ = {isa = PBXFileReference; explicitFileType = wrapper.cfbundle; includeInIndex = 0; path = VierBureTests.xctest; sourceTree = BUILT_PRODUCTS_DIR; };
		7B227AD42E8AD91D003A8E8E /* VierBureUITests.xctest */ = {isa = PBXFileReference; explicitFileType = wrapper.cfbundle; includeInIndex = 0; path = VierBureUITests.xctest; sourceTree = BUILT_PRODUCTS_DIR; };
/* End PBXFileReference section */

/* Begin PBXFileSystemSynchronizedRootGroup section */
		7B227ABF2E8AD91C003A8E8E /* VierBure */ = {
			isa = PBXFileSystemSynchronizedRootGroup;
			path = VierBure;
			sourceTree = "<group>";
		};
		7B227ACD2E8AD91D003A8E8E /* VierBureTests */ = {
			isa = PBXFileSystemSynchronizedRootGroup;
			path = VierBureTests;
			sourceTree = "<group>";
		};
		7B227AD72E8AD91D003A8E8E /* VierBureUITests */ = {
			isa = PBXFileSystemSynchronizedRootGroup;
			path = VierBureUITests;
			sourceTree = "<group>";
		};
/* End PBXFileSystemSynchronizedRootGroup section */

/* Begin PBXFrameworksBuildPhase section */
		7B227ABA2E8AD91C003A8E8E /* Frameworks */ = {
			isa = PBXFrameworksBuildPhase;
			buildActionMask = 2147483647;
			files = (
			);
			runOnlyForDeploymentPostprocessing = 0;
		};
		7B227AC72E8AD91D003A8E8E /* Frameworks */ = {
			isa = PBXFrameworksBuildPhase;
			buildActionMask = 2147483647;
			files = (
			);
			runOnlyForDeploymentPostprocessing = 0;
		};
		7B227AD12E8AD91D003A8E8E /* Frameworks */ = {
			isa = PBXFrameworksBuildPhase;
			buildActionMask = 2147483647;
			files = (
			);
			runOnlyForDeploymentPostprocessing = 0;
		};
/* End PBXFrameworksBuildPhase section */

/* Begin PBXGroup section */
		7B227AB42E8AD91C003A8E8E = {
			isa = PBXGroup;
			children = (
				7B227ABF2E8AD91C003A8E8E /* VierBure */,
				7B227ACD2E8AD91D003A8E8E /* VierBureTests */,
				7B227AD72E8AD91D003A8E8E /* VierBureUITests */,
				7B227ABE2E8AD91C003A8E8E /* Products */,
			);
			sourceTree = "<group>";
		};
		7B227ABE2E8AD91C003A8E8E /* Products */ = {
			isa = PBXGroup;
			children = (
				7B227ABD2E8AD91C003A8E8E /* VierBure.app */,
				7B227ACA2E8AD91D003A8E8E /* VierBureTests.xctest */,
				7B227AD42E8AD91D003A8E8E /* VierBureUITests.xctest */,
			);
			name = Products;
			sourceTree = "<group>";
		};
/* End PBXGroup section */

/* Begin PBXNativeTarget section */
		7B227ABC2E8AD91C003A8E8E /* VierBure */ = {
			isa = PBXNativeTarget;
			buildConfigurationList = 7B227ADE2E8AD91D003A8E8E /* Build configuration list for PBXNativeTarget "VierBure" */;
			buildPhases = (
				7B227AB92E8AD91C003A8E8E /* Sources */,
				7B227ABA2E8AD91C003A8E8E /* Frameworks */,
				7B227ABB2E8AD91C003A8E8E /* Resources */,
			);
			buildRules = (
			);
			dependencies = (
			);
			fileSystemSynchronizedGroups = (
				7B227ABF2E8AD91C003A8E8E /* VierBure */,
			);
			name = VierBure;
			packageProductDependencies = (
			);
			productName = VierBure;
			productReference = 7B227ABD2E8AD91C003A8E8E /* VierBure.app */;
			productType = "com.apple.product-type.application";
		};
		7B227AC92E8AD91D003A8E8E /* VierBureTests */ = {
			isa = PBXNativeTarget;
			buildConfigurationList = 7B227AE12E8AD91D003A8E8E /* Build configuration list for PBXNativeTarget "VierBureTests" */;
			buildPhases = (
				7B227AC62E8AD91D003A8E8E /* Sources */,
				7B227AC72E8AD91D003A8E8E /* Frameworks */,
				7B227AC82E8AD91D003A8E8E /* Resources */,
			);
			buildRules = (
			);
			dependencies = (
				7B227ACC2E8AD91D003A8E8E /* PBXTargetDependency */,
			);
			fileSystemSynchronizedGroups = (
				7B227ACD2E8AD91D003A8E8E /* VierBureTests */,
			);
			name = VierBureTests;
			packageProductDependencies = (
			);
			productName = VierBureTests;
			productReference = 7B227ACA2E8AD91D003A8E8E /* VierBureTests.xctest */;
			productType = "com.apple.product-type.bundle.unit-test";
		};
		7B227AD32E8AD91D003A8E8E /* VierBureUITests */ = {
			isa = PBXNativeTarget;
			buildConfigurationList = 7B227AE42E8AD91D003A8E8E /* Build configuration list for PBXNativeTarget "VierBureUITests" */;
			buildPhases = (
				7B227AD02E8AD91D003A8E8E /* Sources */,
				7B227AD12E8AD91D003A8E8E /* Frameworks */,
				7B227AD22E8AD91D003A8E8E /* Resources */,
			);
			buildRules = (
			);
			dependencies = (
				7B227AD62E8AD91D003A8E8E /* PBXTargetDependency */,
			);
			fileSystemSynchronizedGroups = (
				7B227AD72E8AD91D003A8E8E /* VierBureUITests */,
			);
			name = VierBureUITests;
			packageProductDependencies = (
			);
			productName = VierBureUITests;
			productReference = 7B227AD42E8AD91D003A8E8E /* VierBureUITests.xctest */;
			productType = "com.apple.product-type.bundle.ui-testing";
		};
/* End PBXNativeTarget section */

/* Begin PBXProject section */
		7B227AB52E8AD91C003A8E8E /* Project object */ = {
			isa = PBXProject;
			attributes = {
				BuildIndependentTargetsInParallel = 1;
				LastSwiftUpdateCheck = 1640;
				LastUpgradeCheck = 1640;
				TargetAttributes = {
					7B227ABC2E8AD91C003A8E8E = {
						CreatedOnToolsVersion = 16.4;
					};
					7B227AC92E8AD91D003A8E8E = {
						CreatedOnToolsVersion = 16.4;
						TestTargetID = 7B227ABC2E8AD91C003A8E8E;
					};
					7B227AD32E8AD91D003A8E8E = {
						CreatedOnToolsVersion = 16.4;
						TestTargetID = 7B227ABC2E8AD91C003A8E8E;
					};
				};
			};
			buildConfigurationList = 7B227AB82E8AD91C003A8E8E /* Build configuration list for PBXProject "VierBure" */;
			developmentRegion = en;
			hasScannedForEncodings = 0;
			knownRegions = (
				en,
				Base,
			);
			mainGroup = 7B227AB42E8AD91C003A8E8E;
			minimizedProjectReferenceProxies = 1;
			preferredProjectObjectVersion = 77;
			productRefGroup = 7B227ABE2E8AD91C003A8E8E /* Products */;
			projectDirPath = "";
			projectRoot = "";
			targets = (
				7B227ABC2E8AD91C003A8E8E /* VierBure */,
				7B227AC92E8AD91D003A8E8E /* VierBureTests */,
				7B227AD32E8AD91D003A8E8E /* VierBureUITests */,
			);
		};
/* End PBXProject section */

/* Begin PBXResourcesBuildPhase section */
		7B227ABB2E8AD91C003A8E8E /* Resources */ = {
			isa = PBXResourcesBuildPhase;
			buildActionMask = 2147483647;
			files = (
			);
			runOnlyForDeploymentPostprocessing = 0;
		};
		7B227AC82E8AD91D003A8E8E /* Resources */ = {
			isa = PBXResourcesBuildPhase;
			buildActionMask = 2147483647;
			files = (
			);
			runOnlyForDeploymentPostprocessing = 0;
		};
		7B227AD22E8AD91D003A8E8E /* Resources */ = {
			isa = PBXResourcesBuildPhase;
			buildActionMask = 2147483647;
			files = (
			);
			runOnlyForDeploymentPostprocessing = 0;
		};
/* End PBXResourcesBuildPhase section */

/* Begin PBXSourcesBuildPhase section */
		7B227AB92E8AD91C003A8E8E /* Sources */ = {
			isa = PBXSourcesBuildPhase;
			buildActionMask = 2147483647;
			files = (
			);
			runOnlyForDeploymentPostprocessing = 0;
		};
		7B227AC62E8AD91D003A8E8E /* Sources */ = {
			isa = PBXSourcesBuildPhase;
			buildActionMask = 2147483647;
			files = (
			);
			runOnlyForDeploymentPostprocessing = 0;
		};
		7B227AD02E8AD91D003A8E8E /* Sources */ = {
			isa = PBXSourcesBuildPhase;
			buildActionMask = 2147483647;
			files = (
			);
			runOnlyForDeploymentPostprocessing = 0;
		};
/* End PBXSourcesBuildPhase section */

/* Begin PBXTargetDependency section */
		7B227ACC2E8AD91D003A8E8E /* PBXTargetDependency */ = {
			isa = PBXTargetDependency;
			target = 7B227ABC2E8AD91C003A8E8E /* VierBure */;
			targetProxy = 7B227ACB2E8AD91D003A8E8E /* PBXContainerItemProxy */;
		};
		7B227AD62E8AD91D003A8E8E /* PBXTargetDependency */ = {
			isa = PBXTargetDependency;
			target = 7B227ABC2E8AD91C003A8E8E /* VierBure */;
			targetProxy = 7B227AD52E8AD91D003A8E8E /* PBXContainerItemProxy */;
		};
/* End PBXTargetDependency section */

/* Begin XCBuildConfiguration section */
		7B227ADC2E8AD91D003A8E8E /* Debug */ = {
			isa = XCBuildConfiguration;
			buildSettings = {
				ALWAYS_SEARCH_USER_PATHS = NO;
				ASSETCATALOG_COMPILER_GENERATE_SWIFT_ASSET_SYMBOL_EXTENSIONS = YES;
				CLANG_ANALYZER_NONNULL = YES;
				CLANG_ANALYZER_NUMBER_OBJECT_CONVERSION = YES_AGGRESSIVE;
				CLANG_CXX_LANGUAGE_STANDARD = "gnu++20";
				CLANG_ENABLE_MODULES = YES;
				CLANG_ENABLE_OBJC_ARC = YES;
				CLANG_ENABLE_OBJC_WEAK = YES;
				CLANG_WARN_BLOCK_CAPTURE_AUTORELEASING = YES;
				CLANG_WARN_BOOL_CONVERSION = YES;
				CLANG_WARN_COMMA = YES;
				CLANG_WARN_CONSTANT_CONVERSION = YES;
				CLANG_WARN_DEPRECATED_OBJC_IMPLEMENTATIONS = YES;
				CLANG_WARN_DIRECT_OBJC_ISA_USAGE = YES_ERROR;
				CLANG_WARN_DOCUMENTATION_COMMENTS = YES;
				CLANG_WARN_EMPTY_BODY = YES;
				CLANG_WARN_ENUM_CONVERSION = YES;
				CLANG_WARN_INFINITE_RECURSION = YES;
				CLANG_WARN_INT_CONVERSION = YES;
				CLANG_WARN_NON_LITERAL_NULL_CONVERSION = YES;
				CLANG_WARN_OBJC_IMPLICIT_RETAIN_SELF = YES;
				CLANG_WARN_OBJC_LITERAL_CONVERSION = YES;
				CLANG_WARN_OBJC_ROOT_CLASS = YES_ERROR;
				CLANG_WARN_QUOTED_INCLUDE_IN_FRAMEWORK_HEADER = YES;
				CLANG_WARN_RANGE_LOOP_ANALYSIS = YES;
				CLANG_WARN_STRICT_PROTOTYPES = YES;
				CLANG_WARN_SUSPICIOUS_MOVE = YES;
				CLANG_WARN_UNGUARDED_AVAILABILITY = YES_AGGRESSIVE;
				CLANG_WARN_UNREACHABLE_CODE = YES;
				CLANG_WARN__DUPLICATE_METHOD_MATCH = YES;
				COPY_PHASE_STRIP = NO;
				DEBUG_INFORMATION_FORMAT = dwarf;
				ENABLE_STRICT_OBJC_MSGSEND = YES;
				ENABLE_TESTABILITY = YES;
				ENABLE_USER_SCRIPT_SANDBOXING = YES;
				GCC_C_LANGUAGE_STANDARD = gnu17;
				GCC_DYNAMIC_NO_PIC = NO;
				GCC_NO_COMMON_BLOCKS = YES;
				GCC_OPTIMIZATION_LEVEL = 0;
				GCC_PREPROCESSOR_DEFINITIONS = (
					"DEBUG=1",
					"$(inherited)",
				);
				GCC_WARN_64_TO_32_BIT_CONVERSION = YES;
				GCC_WARN_ABOUT_RETURN_TYPE = YES_ERROR;
				GCC_WARN_UNDECLARED_SELECTOR = YES;
				GCC_WARN_UNINITIALIZED_AUTOS = YES_AGGRESSIVE;
				GCC_WARN_UNUSED_FUNCTION = YES;
				GCC_WARN_UNUSED_VARIABLE = YES;
				IPHONEOS_DEPLOYMENT_TARGET = 18.5;
				LOCALIZATION_PREFERS_STRING_CATALOGS = YES;
				MTL_ENABLE_DEBUG_INFO = INCLUDE_SOURCE;
				MTL_FAST_MATH = YES;
				ONLY_ACTIVE_ARCH = YES;
				SDKROOT = iphoneos;
				SWIFT_ACTIVE_COMPILATION_CONDITIONS = "DEBUG $(inherited)";
				SWIFT_OPTIMIZATION_LEVEL = "-Onone";
			};
			name = Debug;
		};
		7B227ADD2E8AD91D003A8E8E /* Release */ = {
			isa = XCBuildConfiguration;
			buildSettings = {
				ALWAYS_SEARCH_USER_PATHS = NO;
				ASSETCATALOG_COMPILER_GENERATE_SWIFT_ASSET_SYMBOL_EXTENSIONS = YES;
				CLANG_ANALYZER_NONNULL = YES;
				CLANG_ANALYZER_NUMBER_OBJECT_CONVERSION = YES_AGGRESSIVE;
				CLANG_CXX_LANGUAGE_STANDARD = "gnu++20";
				CLANG_ENABLE_MODULES = YES;
				CLANG_ENABLE_OBJC_ARC = YES;
				CLANG_ENABLE_OBJC_WEAK = YES;
				CLANG_WARN_BLOCK_CAPTURE_AUTORELEASING = YES;
				CLANG_WARN_BOOL_CONVERSION = YES;
				CLANG_WARN_COMMA = YES;
				CLANG_WARN_CONSTANT_CONVERSION = YES;
				CLANG_WARN_DEPRECATED_OBJC_IMPLEMENTATIONS = YES;
				CLANG_WARN_DIRECT_OBJC_ISA_USAGE = YES_ERROR;
				CLANG_WARN_DOCUMENTATION_COMMENTS = YES;
				CLANG_WARN_EMPTY_BODY = YES;
				CLANG_WARN_ENUM_CONVERSION = YES;
				CLANG_WARN_INFINITE_RECURSION = YES;
				CLANG_WARN_INT_CONVERSION = YES;
				CLANG_WARN_NON_LITERAL_NULL_CONVERSION = YES;
				CLANG_WARN_OBJC_IMPLICIT_RETAIN_SELF = YES;
				CLANG_WARN_OBJC_LITERAL_CONVERSION = YES;
				CLANG_WARN_OBJC_ROOT_CLASS = YES_ERROR;
				CLANG_WARN_QUOTED_INCLUDE_IN_FRAMEWORK_HEADER = YES;
				CLANG_WARN_RANGE_LOOP_ANALYSIS = YES;
				CLANG_WARN_STRICT_PROTOTYPES = YES;
				CLANG_WARN_SUSPICIOUS_MOVE = YES;
				CLANG_WARN_UNGUARDED_AVAILABILITY = YES_AGGRESSIVE;
				CLANG_WARN_UNREACHABLE_CODE = YES;
				CLANG_WARN__DUPLICATE_METHOD_MATCH = YES;
				COPY_PHASE_STRIP = NO;
				DEBUG_INFORMATION_FORMAT = "dwarf-with-dsym";
				ENABLE_NS_ASSERTIONS = NO;
				ENABLE_STRICT_OBJC_MSGSEND = YES;
				ENABLE_USER_SCRIPT_SANDBOXING = YES;
				GCC_C_LANGUAGE_STANDARD = gnu17;
				GCC_NO_COMMON_BLOCKS = YES;
				GCC_WARN_64_TO_32_BIT_CONVERSION = YES;
				GCC_WARN_ABOUT_RETURN_TYPE = YES_ERROR;
				GCC_WARN_UNDECLARED_SELECTOR = YES;
				GCC_WARN_UNINITIALIZED_AUTOS = YES_AGGRESSIVE;
				GCC_WARN_UNUSED_FUNCTION = YES;
				GCC_WARN_UNUSED_VARIABLE = YES;
				IPHONEOS_DEPLOYMENT_TARGET = 18.5;
				LOCALIZATION_PREFERS_STRING_CATALOGS = YES;
				MTL_ENABLE_DEBUG_INFO = NO;
				MTL_FAST_MATH = YES;
				SDKROOT = iphoneos;
				SWIFT_COMPILATION_MODE = wholemodule;
				VALIDATE_PRODUCT = YES;
			};
			name = Release;
		};
		7B227ADF2E8AD91D003A8E8E /* Debug */ = {
			isa = XCBuildConfiguration;
			buildSettings = {
				ASSETCATALOG_COMPILER_APPICON_NAME = AppIcon;
				ASSETCATALOG_COMPILER_GLOBAL_ACCENT_COLOR_NAME = AccentColor;
				CODE_SIGN_STYLE = Automatic;
				CURRENT_PROJECT_VERSION = 1;
				DEVELOPMENT_TEAM = SD6U75D7T4;
				ENABLE_PREVIEWS = YES;
				GENERATE_INFOPLIST_FILE = YES;
				INFOPLIST_KEY_CFBundleDisplayName = "Vier Bure";
				INFOPLIST_KEY_LSApplicationCategoryType = "public.app-category.card-games";
				INFOPLIST_KEY_UIApplicationSceneManifest_Generation = YES;
				INFOPLIST_KEY_UIApplicationSupportsIndirectInputEvents = YES;
				INFOPLIST_KEY_UILaunchScreen_Generation = YES;
				INFOPLIST_KEY_UISupportedInterfaceOrientations = "UIInterfaceOrientationPortrait UIInterfaceOrientationPortraitUpsideDown";
				LD_RUNPATH_SEARCH_PATHS = (
					"$(inherited)",
					"@executable_path/Frameworks",
				);
				MARKETING_VERSION = 1.0;
				PRODUCT_BUNDLE_IDENTIFIER = VierBure.VierBure;
				PRODUCT_NAME = "$(TARGET_NAME)";
				SWIFT_EMIT_LOC_STRINGS = YES;
				SWIFT_VERSION = 5.0;
				TARGETED_DEVICE_FAMILY = "1,2";
			};
			name = Debug;
		};
		7B227AE02E8AD91D003A8E8E /* Release */ = {
			isa = XCBuildConfiguration;
			buildSettings = {
				ASSETCATALOG_COMPILER_APPICON_NAME = AppIcon;
				ASSETCATALOG_COMPILER_GLOBAL_ACCENT_COLOR_NAME = AccentColor;
				CODE_SIGN_STYLE = Automatic;
				CURRENT_PROJECT_VERSION = 1;
				DEVELOPMENT_TEAM = SD6U75D7T4;
				ENABLE_PREVIEWS = YES;
				GENERATE_INFOPLIST_FILE = YES;
				INFOPLIST_KEY_CFBundleDisplayName = "Vier Bure";
				INFOPLIST_KEY_LSApplicationCategoryType = "public.app-category.card-games";
				INFOPLIST_KEY_UIApplicationSceneManifest_Generation = YES;
				INFOPLIST_KEY_UIApplicationSupportsIndirectInputEvents = YES;
				INFOPLIST_KEY_UILaunchScreen_Generation = YES;
				INFOPLIST_KEY_UISupportedInterfaceOrientations = "UIInterfaceOrientationPortrait UIInterfaceOrientationPortraitUpsideDown";
				LD_RUNPATH_SEARCH_PATHS = (
					"$(inherited)",
					"@executable_path/Frameworks",
				);
				MARKETING_VERSION = 1.0;
				PRODUCT_BUNDLE_IDENTIFIER = VierBure.VierBure;
				PRODUCT_NAME = "$(TARGET_NAME)";
				SWIFT_EMIT_LOC_STRINGS = YES;
				SWIFT_VERSION = 5.0;
				TARGETED_DEVICE_FAMILY = "1,2";
			};
			name = Release;
		};
		7B227AE22E8AD91D003A8E8E /* Debug */ = {
			isa = XCBuildConfiguration;
			buildSettings = {
				BUNDLE_LOADER = "$(TEST_HOST)";
				CODE_SIGN_STYLE = Automatic;
				CURRENT_PROJECT_VERSION = 1;
				GENERATE_INFOPLIST_FILE = YES;
				IPHONEOS_DEPLOYMENT_TARGET = 18.5;
				MARKETING_VERSION = 1.0;
				PRODUCT_BUNDLE_IDENTIFIER = VierBure.VierBureTests;
				PRODUCT_NAME = "$(TARGET_NAME)";
				SWIFT_EMIT_LOC_STRINGS = NO;
				SWIFT_VERSION = 5.0;
				TARGETED_DEVICE_FAMILY = "1,2";
				TEST_HOST = "$(BUILT_PRODUCTS_DIR)/VierBure.app/$(BUNDLE_EXECUTABLE_FOLDER_PATH)/VierBure";
			};
			name = Debug;
		};
		7B227AE32E8AD91D003A8E8E /* Release */ = {
			isa = XCBuildConfiguration;
			buildSettings = {
				BUNDLE_LOADER = "$(TEST_HOST)";
				CODE_SIGN_STYLE = Automatic;
				CURRENT_PROJECT_VERSION = 1;
				GENERATE_INFOPLIST_FILE = YES;
				IPHONEOS_DEPLOYMENT_TARGET = 18.5;
				MARKETING_VERSION = 1.0;
				PRODUCT_BUNDLE_IDENTIFIER = VierBure.VierBureTests;
				PRODUCT_NAME = "$(TARGET_NAME)";
				SWIFT_EMIT_LOC_STRINGS = NO;
				SWIFT_VERSION = 5.0;
				TARGETED_DEVICE_FAMILY = "1,2";
				TEST_HOST = "$(BUILT_PRODUCTS_DIR)/VierBure.app/$(BUNDLE_EXECUTABLE_FOLDER_PATH)/VierBure";
			};
			name = Release;
		};
		7B227AE52E8AD91D003A8E8E /* Debug */ = {
			isa = XCBuildConfiguration;
			buildSettings = {
				CODE_SIGN_STYLE = Automatic;
				CURRENT_PROJECT_VERSION = 1;
				GENERATE_INFOPLIST_FILE = YES;
				MARKETING_VERSION = 1.0;
				PRODUCT_BUNDLE_IDENTIFIER = VierBure.VierBureUITests;
				PRODUCT_NAME = "$(TARGET_NAME)";
				SWIFT_EMIT_LOC_STRINGS = NO;
				SWIFT_VERSION = 5.0;
				TARGETED_DEVICE_FAMILY = "1,2";
				TEST_TARGET_NAME = VierBure;
			};
			name = Debug;
		};
		7B227AE62E8AD91D003A8E8E /* Release */ = {
			isa = XCBuildConfiguration;
			buildSettings = {
				CODE_SIGN_STYLE = Automatic;
				CURRENT_PROJECT_VERSION = 1;
				GENERATE_INFOPLIST_FILE = YES;
				MARKETING_VERSION = 1.0;
				PRODUCT_BUNDLE_IDENTIFIER = VierBure.VierBureUITests;
				PRODUCT_NAME = "$(TARGET_NAME)";
				SWIFT_EMIT_LOC_STRINGS = NO;
				SWIFT_VERSION = 5.0;
				TARGETED_DEVICE_FAMILY = "1,2";
				TEST_TARGET_NAME = VierBure;
			};
			name = Release;
		};
/* End XCBuildConfiguration section */

/* Begin XCConfigurationList section */
		7B227AB82E8AD91C003A8E8E /* Build configuration list for PBXProject "VierBure" */ = {
			isa = XCConfigurationList;
			buildConfigurations = (
				7B227ADC2E8AD91D003A8E8E /* Debug */,
				7B227ADD2E8AD91D003A8E8E /* Release */,
			);
			defaultConfigurationIsVisible = 0;
			defaultConfigurationName = Release;
		};
		7B227ADE2E8AD91D003A8E8E /* Build configuration list for PBXNativeTarget "VierBure" */ = {
			isa = XCConfigurationList;
			buildConfigurations = (
				7B227ADF2E8AD91D003A8E8E /* Debug */,
				7B227AE02E8AD91D003A8E8E /* Release */,
			);
			defaultConfigurationIsVisible = 0;
			defaultConfigurationName = Release;
		};
		7B227AE12E8AD91D003A8E8E /* Build configuration list for PBXNativeTarget "VierBureTests" */ = {
			isa = XCConfigurationList;
			buildConfigurations = (
				7B227AE22E8AD91D003A8E8E /* Debug */,
				7B227AE32E8AD91D003A8E8E /* Release */,
			);
			defaultConfigurationIsVisible = 0;
			defaultConfigurationName = Release;
		};
		7B227AE42E8AD91D003A8E8E /* Build configuration list for PBXNativeTarget "VierBureUITests" */ = {
			isa = XCConfigurationList;
			buildConfigurations = (
				7B227AE52E8AD91D003A8E8E /* Debug */,
				7B227AE62E8AD91D003A8E8E /* Release */,
			);
			defaultConfigurationIsVisible = 0;
			defaultConfigurationName = Release;
		};
/* End XCConfigurationList section */
	};
	rootObject = 7B227AB52E8AD91C003A8E8E /* Project object */;
}
